
Microsoft Visual Studio Solution File, Format Version 12.00
# Visual Studio Version 16
VisualStudioVersion = 16.0.30804.86
MinimumVisualStudioVersion = 10.0.40219.1
Project("{FAE04EC0-301F-11D3-BF4B-00C04F79EFBC}") = "Clothes", "Clothes\Clothes.csproj", "{D50BF6BC-964D-45FD-9734-8B960D94BAE4}"
EndProject
Project("{FAE04EC0-301F-11D3-BF4B-00C04F79EFBC}") = "DAL", "DAL\DAL.csproj", "{0C62A905-B8F4-4634-B229-F725571EF1F5}"
EndProject
Project("{2150E333-8FDC-42A3-9474-1A3956D46DE8}") = "Scripts", "Scripts", "{6F7BE5AA-32BB-44A0-AA0A-C705EC84B739}"
	ProjectSection(SolutionItems) = preProject
		Scripts\1.sql = Scripts\1.sql
		Scripts\2.sql = Scripts\2.sql
	EndProjectSection
EndProject
Global
	GlobalSection(SolutionConfigurationPlatforms) = preSolution
		Debug|Any CPU = Debug|Any CPU
		Release|Any CPU = Release|Any CPU
	EndGlobalSection
	GlobalSection(ProjectConfigurationPlatforms) = postSolution
		{D50BF6BC-964D-45FD-9734-8B960D94BAE4}.Debug|Any CPU.ActiveCfg = Debug|Any CPU
		{D50BF6BC-964D-45FD-9734-8B960D94BAE4}.Debug|Any CPU.Build.0 = Debug|Any CPU
		{D50BF6BC-964D-45FD-9734-8B960D94BAE4}.Release|Any CPU.ActiveCfg = Release|Any CPU
		{D50BF6BC-964D-45FD-9734-8B960D94BAE4}.Release|Any CPU.Build.0 = Release|Any CPU
		{0C62A905-B8F4-4634-B229-F725571EF1F5}.Debug|Any CPU.ActiveCfg = Debug|Any CPU
		{0C62A905-B8F4-4634-B229-F725571EF1F5}.Debug|Any CPU.Build.0 = Debug|Any CPU
		{0C62A905-B8F4-4634-B229-F725571EF1F5}.Release|Any CPU.ActiveCfg = Release|Any CPU
		{0C62A905-B8F4-4634-B229-F725571EF1F5}.Release|Any CPU.Build.0 = Release|Any CPU
	EndGlobalSection
	GlobalSection(SolutionProperties) = preSolution
		HideSolutionNode = FALSE
	EndGlobalSection
	GlobalSection(ExtensibilityGlobals) = postSolution
		SolutionGuid = {134FEB76-2F03-426A-A2AA-50897F51E3BC}
	EndGlobalSection
EndGlobal
